{
    "_meta": {
        "hash": {
            "sha256": "7454a62f124d1d050a716ec2baed01eb6960a69dcc854ccf6da8ea194d47cdf3"
        },
        "host-environment-markers": {
            "implementation_name": "cpython",
            "implementation_version": "3.6.4",
            "os_name": "posix",
            "platform_machine": "x86_64",
            "platform_python_implementation": "CPython",
            "platform_release": "4.14.14-200.fc26.x86_64",
            "platform_system": "Linux",
            "platform_version": "#1 SMP Fri Jan 19 13:27:06 UTC 2018",
            "python_full_version": "3.6.4",
            "python_version": "3.6",
            "sys_platform": "linux"
        },
        "pipfile-spec": 6,
        "requires": {},
        "sources": [
            {
                "name": "pypi",
                "url": "https://pypi.python.org/simple",
                "verify_ssl": true
            }
        ]
    },
    "default": {
        "apiai": {
            "hashes": [],
            "version": "==1.2.3"
        },
        "argparse": {
            "hashes": [],
            "version": "==1.4.0"
        },
        "beautifulsoup4": {
            "hashes": [],
            "version": "==4.6.0"
        },
        "boto3": {
            "hashes": [],
            "version": "==1.5.22"
        },
        "botocore": {
            "hashes": [],
            "version": "==1.8.36"
        },
        "certifi": {
            "hashes": [],
            "version": "==2018.1.18"
        },
        "chardet": {
            "hashes": [],
            "version": "==3.0.4"
        },
        "cheroot": {
            "hashes": [],
            "version": "==6.0.0"
        },
        "cherrypy": {
            "hashes": [],
            "version": "==13.1.0"
        },
        "click": {
            "hashes": [],
            "version": "==6.7"
        },
        "dj-database-url": {
            "hashes": [],
            "version": "==0.4.2"
        },
        "django": {
            "hashes": [],
            "version": "==2.0.1"
        },
        "django-sortedm2m": {
            "hashes": [],
            "version": "==1.5.0"
        },
        "django-sortedm2m-filter-horizontal-widget": {
            "git": "https://github.com/wdr-data/sortedm2m-filter-horizontal-widget.git",
            "ref": "e70b43f9c686a3461ba407f1068987c37bd80d4a"
        },
        "django-storages": {
            "hashes": [],
            "version": "==1.6.5"
        },
        "django-tz-detect": {
            "hashes": [],
            "version": "==0.2.9"
        },
        "docutils": {
            "hashes": [],
            "version": "==0.14"
        },
        "enum34": {
            "hashes": [],
            "version": "==1.1.6"
        },
        "eventlet": {
            "hashes": [],
            "version": "==0.22.0"
        },
        "flask": {
            "hashes": [],
            "version": "==0.12.2"
        },
        "future": {
            "hashes": [],
            "version": "==0.16.0"
        },
        "fuzzywuzzy": {
            "hashes": [],
            "version": "==0.16.0"
        },
        "gevent": {
            "hashes": [],
            "version": "==1.2.2"
        },
        "greenlet": {
            "hashes": [],
            "version": "==0.4.12"
        },
        "gunicorn": {
            "hashes": [],
            "version": "==19.7.1"
        },
        "hiredis": {
            "hashes": [],
            "version": "==0.2.0"
        },
        "idna": {
            "hashes": [],
            "version": "==2.6"
        },
        "iso8601": {
            "hashes": [],
            "version": "==0.1.12"
        },
        "itsdangerous": {
            "hashes": [],
            "version": "==0.24"
        },
        "jaraco.classes": {
            "hashes": [],
            "version": "==1.4.3"
        },
        "jinja2": {
            "hashes": [],
            "version": "==2.10"
        },
        "jmespath": {
            "hashes": [],
            "version": "==0.9.3"
        },
        "lxml": {
            "hashes": [],
            "version": "==4.1.1"
        },
        "m3u8": {
            "hashes": [],
            "version": "==0.3.5"
        },
        "markupsafe": {
            "hashes": [],
            "version": "==1.0"
        },
        "more-itertools": {
            "hashes": [],
            "version": "==4.1.0"
        },
        "mrq": {
            "hashes": [],
            "version": "==0.2.1"
        },
        "multidict": {
            "hashes": [],
            "version": "==4.1.0"
        },
        "numpy": {
            "hashes": [],
            "version": "==1.14.0"
        },
        "objgraph": {
            "hashes": [],
            "version": "==1.8.1"
        },
        "paste": {
            "hashes": [],
            "version": "==2.0.3"
        },
        "portend": {
            "hashes": [],
            "version": "==2.2"
        },
        "psutil": {
            "hashes": [],
            "version": "==1.2.1"
        },
        "psycopg2": {
            "hashes": [],
            "version": "==2.7.3.2"
        },
        "pycountry": {
            "hashes": [],
            "version": "==17.9.23"
        },
        "pymongo": {
            "hashes": [],
            "version": "==3.6.0"
        },
        "python-dateutil": {
            "hashes": [],
            "version": "==2.6.1"
        },
        "python-levenshtein": {
            "hashes": [],
            "version": "==0.12.0"
        },
        "pytz": {
            "hashes": [],
            "version": "==2017.3"
        },
        "pyyaml": {
            "hashes": [],
            "version": "==3.12"
        },
        "raven": {
            "hashes": [],
            "version": "==6.5.0"
        },
        "redis": {
            "hashes": [],
            "version": "==2.10.6"
        },
        "requests": {
            "hashes": [],
            "version": "==2.18.4"
        },
        "s3transfer": {
            "hashes": [],
            "version": "==0.1.12"
        },
        "schedule": {
            "hashes": [],
            "version": "==0.5.0"
        },
        "six": {
            "hashes": [],
            "version": "==1.11.0"
        },
        "tempora": {
            "hashes": [],
            "version": "==1.10"
        },
        "termcolor": {
            "hashes": [],
            "version": "==1.1.0"
        },
        "ujson": {
            "hashes": [],
            "version": "==1.33"
        },
        "urllib3": {
            "hashes": [],
            "version": "==1.22"
        },
        "werkzeug": {
            "hashes": [],
            "version": "==0.14.1"
        },
        "whitenoise": {
            "hashes": [],
            "version": "==3.3.1"
        }
    },
    "develop": {
        "attrs": {
            "hashes": [],
            "version": "==17.4.0"
        },
        "mock": {
            "hashes": [],
            "version": "==2.0.0"
        },
        "mongomock": {
            "hashes": [],
            "version": "==3.8.0"
        },
        "pbr": {
            "hashes": [],
            "version": "==3.1.1"
        },
        "pluggy": {
            "hashes": [],
            "version": "==0.6.0"
        },
        "py": {
            "hashes": [],
            "version": "==1.5.2"
        },
        "pytest": {
            "hashes": [],
            "version": "==3.3.2"
        },
        "pytest-tap": {
            "hashes": [],
            "version": "==2.2"
        },
        "sentinels": {
            "hashes": [],
            "version": "==1.0.0"
        },
        "six": {
            "hashes": [],
            "version": "==1.11.0"
        },
        "tap.py": {
            "hashes": [],
            "version": "==2.2"
        }
    }
}
